// !$*UTF8*$!
{
	archiveVersion = 1;
	classes = {
	};
	objectVersion = 46;
	objects = {

/* Begin PBXBuildFile section */
		2079DA7918F16D0A004C71F8 /* Foundation.framework in Frameworks */ = {isa = PBXBuildFile; fileRef = 2079DA7818F16D0A004C71F8 /* Foundation.framework */; };
		2079DA7E18F16D0A004C71F8 /* HMRIncrementSearchView.h in CopyFiles */ = {isa = PBXBuildFile; fileRef = 2079DA7D18F16D0A004C71F8 /* HMRIncrementSearchView.h */; };
		2079DA8018F16D0A004C71F8 /* HMRIncrementSearchView.m in Sources */ = {isa = PBXBuildFile; fileRef = 2079DA7F18F16D0A004C71F8 /* HMRIncrementSearchView.m */; };
		2079DAA318F16D26004C71F8 /* Foundation.framework in Frameworks */ = {isa = PBXBuildFile; fileRef = 2079DA7818F16D0A004C71F8 /* Foundation.framework */; };
		2079DAA518F16D26004C71F8 /* CoreGraphics.framework in Frameworks */ = {isa = PBXBuildFile; fileRef = 2079DAA418F16D26004C71F8 /* CoreGraphics.framework */; };
		2079DAA618F16D26004C71F8 /* UIKit.framework in Frameworks */ = {isa = PBXBuildFile; fileRef = 2079DA8918F16D0A004C71F8 /* UIKit.framework */; };
		2079DAAC18F16D26004C71F8 /* InfoPlist.strings in Resources */ = {isa = PBXBuildFile; fileRef = 2079DAAA18F16D26004C71F8 /* InfoPlist.strings */; };
		2079DAAE18F16D26004C71F8 /* main.m in Sources */ = {isa = PBXBuildFile; fileRef = 2079DAAD18F16D26004C71F8 /* main.m */; };
		2079DAB218F16D26004C71F8 /* HMRAppDelegate.m in Sources */ = {isa = PBXBuildFile; fileRef = 2079DAB118F16D26004C71F8 /* HMRAppDelegate.m */; };
		2079DAB518F16D26004C71F8 /* Main.storyboard in Resources */ = {isa = PBXBuildFile; fileRef = 2079DAB318F16D26004C71F8 /* Main.storyboard */; };
		2079DAB818F16D26004C71F8 /* HMRViewController.m in Sources */ = {isa = PBXBuildFile; fileRef = 2079DAB718F16D26004C71F8 /* HMRViewController.m */; };
		2079DABA18F16D26004C71F8 /* Images.xcassets in Resources */ = {isa = PBXBuildFile; fileRef = 2079DAB918F16D26004C71F8 /* Images.xcassets */; };
		2079DAD318F16E3C004C71F8 /* libHMRIncrementSearchView.a in Frameworks */ = {isa = PBXBuildFile; fileRef = 2079DA7518F16D0A004C71F8 /* libHMRIncrementSearchView.a */; };
/* End PBXBuildFile section */

/* Begin PBXCopyFilesBuildPhase section */
		2079DA7318F16D0A004C71F8 /* CopyFiles */ = {
			isa = PBXCopyFilesBuildPhase;
			buildActionMask = 2147483647;
			dstPath = "include/$(PRODUCT_NAME)";
			dstSubfolderSpec = 16;
			files = (
				2079DA7E18F16D0A004C71F8 /* HMRIncrementSearchView.h in CopyFiles */,
			);
			runOnlyForDeploymentPostprocessing = 0;
		};
/* End PBXCopyFilesBuildPhase section */

/* Begin PBXFileReference section */
		2079DA7518F16D0A004C71F8 /* libHMRIncrementSearchView.a */ = {isa = PBXFileReference; explicitFileType = archive.ar; includeInIndex = 0; path = libHMRIncrementSearchView.a; sourceTree = BUILT_PRODUCTS_DIR; };
		2079DA7818F16D0A004C71F8 /* Foundation.framework */ = {isa = PBXFileReference; lastKnownFileType = wrapper.framework; name = Foundation.framework; path = System/Library/Frameworks/Foundation.framework; sourceTree = SDKROOT; };
		2079DA7C18F16D0A004C71F8 /* HMRIncrementSearchView-Prefix.pch */ = {isa = PBXFileReference; lastKnownFileType = sourcecode.c.h; path = "HMRIncrementSearchView-Prefix.pch"; sourceTree = "<group>"; };
		2079DA7D18F16D0A004C71F8 /* HMRIncrementSearchView.h */ = {isa = PBXFileReference; lastKnownFileType = sourcecode.c.h; path = HMRIncrementSearchView.h; sourceTree = "<group>"; };
		2079DA7F18F16D0A004C71F8 /* HMRIncrementSearchView.m */ = {isa = PBXFileReference; lastKnownFileType = sourcecode.c.objc; path = HMRIncrementSearchView.m; sourceTree = "<group>"; };
		2079DA8618F16D0A004C71F8 /* XCTest.framework */ = {isa = PBXFileReference; lastKnownFileType = wrapper.framework; name = XCTest.framework; path = Library/Frameworks/XCTest.framework; sourceTree = DEVELOPER_DIR; };
		2079DA8918F16D0A004C71F8 /* UIKit.framework */ = {isa = PBXFileReference; lastKnownFileType = wrapper.framework; name = UIKit.framework; path = Library/Frameworks/UIKit.framework; sourceTree = DEVELOPER_DIR; };
		2079DAA218F16D26004C71F8 /* IncrementSearchViewDemo.app */ = {isa = PBXFileReference; explicitFileType = wrapper.application; includeInIndex = 0; path = IncrementSearchViewDemo.app; sourceTree = BUILT_PRODUCTS_DIR; };
		2079DAA418F16D26004C71F8 /* CoreGraphics.framework */ = {isa = PBXFileReference; lastKnownFileType = wrapper.framework; name = CoreGraphics.framework; path = System/Library/Frameworks/CoreGraphics.framework; sourceTree = SDKROOT; };
		2079DAA918F16D26004C71F8 /* IncrementSearchViewDemo-Info.plist */ = {isa = PBXFileReference; lastKnownFileType = text.plist.xml; path = "IncrementSearchViewDemo-Info.plist"; sourceTree = "<group>"; };
		2079DAAB18F16D26004C71F8 /* en */ = {isa = PBXFileReference; lastKnownFileType = text.plist.strings; name = en; path = en.lproj/InfoPlist.strings; sourceTree = "<group>"; };
		2079DAAD18F16D26004C71F8 /* main.m */ = {isa = PBXFileReference; lastKnownFileType = sourcecode.c.objc; path = main.m; sourceTree = "<group>"; };
		2079DAAF18F16D26004C71F8 /* IncrementSearchViewDemo-Prefix.pch */ = {isa = PBXFileReference; lastKnownFileType = sourcecode.c.h; path = "IncrementSearchViewDemo-Prefix.pch"; sourceTree = "<group>"; };
		2079DAB018F16D26004C71F8 /* HMRAppDelegate.h */ = {isa = PBXFileReference; lastKnownFileType = sourcecode.c.h; path = HMRAppDelegate.h; sourceTree = "<group>"; };
		2079DAB118F16D26004C71F8 /* HMRAppDelegate.m */ = {isa = PBXFileReference; lastKnownFileType = sourcecode.c.objc; path = HMRAppDelegate.m; sourceTree = "<group>"; };
		2079DAB418F16D26004C71F8 /* Base */ = {isa = PBXFileReference; lastKnownFileType = file.storyboard; name = Base; path = Base.lproj/Main.storyboard; sourceTree = "<group>"; };
		2079DAB618F16D26004C71F8 /* HMRViewController.h */ = {isa = PBXFileReference; lastKnownFileType = sourcecode.c.h; path = HMRViewController.h; sourceTree = "<group>"; };
		2079DAB718F16D26004C71F8 /* HMRViewController.m */ = {isa = PBXFileReference; lastKnownFileType = sourcecode.c.objc; path = HMRViewController.m; sourceTree = "<group>"; };
		2079DAB918F16D26004C71F8 /* Images.xcassets */ = {isa = PBXFileReference; lastKnownFileType = folder.assetcatalog; path = Images.xcassets; sourceTree = "<group>"; };
/* End PBXFileReference section */

/* Begin PBXFrameworksBuildPhase section */
		2079DA7218F16D0A004C71F8 /* Frameworks */ = {
			isa = PBXFrameworksBuildPhase;
			buildActionMask = 2147483647;
			files = (
				2079DA7918F16D0A004C71F8 /* Foundation.framework in Frameworks */,
			);
			runOnlyForDeploymentPostprocessing = 0;
		};
		2079DA9F18F16D26004C71F8 /* Frameworks */ = {
			isa = PBXFrameworksBuildPhase;
			buildActionMask = 2147483647;
			files = (
				2079DAD318F16E3C004C71F8 /* libHMRIncrementSearchView.a in Frameworks */,
				2079DAA518F16D26004C71F8 /* CoreGraphics.framework in Frameworks */,
				2079DAA618F16D26004C71F8 /* UIKit.framework in Frameworks */,
				2079DAA318F16D26004C71F8 /* Foundation.framework in Frameworks */,
			);
			runOnlyForDeploymentPostprocessing = 0;
		};
/* End PBXFrameworksBuildPhase section */

/* Begin PBXGroup section */
		2079DA6C18F16D0A004C71F8 = {
			isa = PBXGroup;
			children = (
				2079DA7A18F16D0A004C71F8 /* HMRIncrementSearchView */,
				2079DAA718F16D26004C71F8 /* IncrementSearchViewDemo */,
				2079DA7718F16D0A004C71F8 /* Frameworks */,
				2079DA7618F16D0A004C71F8 /* Products */,
			);
			sourceTree = "<group>";
		};
		2079DA7618F16D0A004C71F8 /* Products */ = {
			isa = PBXGroup;
			children = (
				2079DA7518F16D0A004C71F8 /* libHMRIncrementSearchView.a */,
				2079DAA218F16D26004C71F8 /* IncrementSearchViewDemo.app */,
			);
			name = Products;
			sourceTree = "<group>";
		};
		2079DA7718F16D0A004C71F8 /* Frameworks */ = {
			isa = PBXGroup;
			children = (
				2079DA7818F16D0A004C71F8 /* Foundation.framework */,
				2079DA8618F16D0A004C71F8 /* XCTest.framework */,
				2079DA8918F16D0A004C71F8 /* UIKit.framework */,
				2079DAA418F16D26004C71F8 /* CoreGraphics.framework */,
			);
			name = Frameworks;
			sourceTree = "<group>";
		};
		2079DA7A18F16D0A004C71F8 /* HMRIncrementSearchView */ = {
			isa = PBXGroup;
			children = (
				2079DA7D18F16D0A004C71F8 /* HMRIncrementSearchView.h */,
				2079DA7F18F16D0A004C71F8 /* HMRIncrementSearchView.m */,
				2079DA7B18F16D0A004C71F8 /* Supporting Files */,
			);
			path = HMRIncrementSearchView;
			sourceTree = "<group>";
		};
		2079DA7B18F16D0A004C71F8 /* Supporting Files */ = {
			isa = PBXGroup;
			children = (
				2079DA7C18F16D0A004C71F8 /* HMRIncrementSearchView-Prefix.pch */,
			);
			name = "Supporting Files";
			sourceTree = "<group>";
		};
		2079DAA718F16D26004C71F8 /* IncrementSearchViewDemo */ = {
			isa = PBXGroup;
			children = (
				2079DAB018F16D26004C71F8 /* HMRAppDelegate.h */,
				2079DAB118F16D26004C71F8 /* HMRAppDelegate.m */,
				2079DAB318F16D26004C71F8 /* Main.storyboard */,
				2079DAB618F16D26004C71F8 /* HMRViewController.h */,
				2079DAB718F16D26004C71F8 /* HMRViewController.m */,
				2079DAB918F16D26004C71F8 /* Images.xcassets */,
				2079DAA818F16D26004C71F8 /* Supporting Files */,
			);
			path = IncrementSearchViewDemo;
			sourceTree = "<group>";
		};
		2079DAA818F16D26004C71F8 /* Supporting Files */ = {
			isa = PBXGroup;
			children = (
				2079DAA918F16D26004C71F8 /* IncrementSearchViewDemo-Info.plist */,
				2079DAAA18F16D26004C71F8 /* InfoPlist.strings */,
				2079DAAD18F16D26004C71F8 /* main.m */,
				2079DAAF18F16D26004C71F8 /* IncrementSearchViewDemo-Prefix.pch */,
			);
			name = "Supporting Files";
			sourceTree = "<group>";
		};
/* End PBXGroup section */

/* Begin PBXNativeTarget section */
		2079DA7418F16D0A004C71F8 /* HMRIncrementSearchView */ = {
			isa = PBXNativeTarget;
			buildConfigurationList = 2079DA9818F16D0A004C71F8 /* Build configuration list for PBXNativeTarget "HMRIncrementSearchView" */;
			buildPhases = (
				2079DA7118F16D0A004C71F8 /* Sources */,
				2079DA7218F16D0A004C71F8 /* Frameworks */,
				2079DA7318F16D0A004C71F8 /* CopyFiles */,
			);
			buildRules = (
			);
			dependencies = (
			);
			name = HMRIncrementSearchView;
			productName = HMRIncrementSearchView;
			productReference = 2079DA7518F16D0A004C71F8 /* libHMRIncrementSearchView.a */;
			productType = "com.apple.product-type.library.static";
		};
		2079DAA118F16D26004C71F8 /* IncrementSearchViewDemo */ = {
			isa = PBXNativeTarget;
			buildConfigurationList = 2079DACD18F16D27004C71F8 /* Build configuration list for PBXNativeTarget "IncrementSearchViewDemo" */;
			buildPhases = (
				2079DA9E18F16D26004C71F8 /* Sources */,
				2079DA9F18F16D26004C71F8 /* Frameworks */,
				2079DAA018F16D26004C71F8 /* Resources */,
			);
			buildRules = (
			);
			dependencies = (
			);
			name = IncrementSearchViewDemo;
			productName = IncrementSearchViewDemo;
			productReference = 2079DAA218F16D26004C71F8 /* IncrementSearchViewDemo.app */;
			productType = "com.apple.product-type.application";
		};
/* End PBXNativeTarget section */

/* Begin PBXProject section */
		2079DA6D18F16D0A004C71F8 /* Project object */ = {
			isa = PBXProject;
			attributes = {
				LastUpgradeCheck = 0510;
				ORGANIZATIONNAME = himara2;
			};
			buildConfigurationList = 2079DA7018F16D0A004C71F8 /* Build configuration list for PBXProject "HMRIncrementSearchView" */;
			compatibilityVersion = "Xcode 3.2";
			developmentRegion = English;
			hasScannedForEncodings = 0;
			knownRegions = (
				en,
				Base,
			);
			mainGroup = 2079DA6C18F16D0A004C71F8;
			productRefGroup = 2079DA7618F16D0A004C71F8 /* Products */;
			projectDirPath = "";
			projectRoot = "";
			targets = (
				2079DA7418F16D0A004C71F8 /* HMRIncrementSearchView */,
				2079DAA118F16D26004C71F8 /* IncrementSearchViewDemo */,
			);
		};
/* End PBXProject section */

/* Begin PBXResourcesBuildPhase section */
		2079DAA018F16D26004C71F8 /* Resources */ = {
			isa = PBXResourcesBuildPhase;
			buildActionMask = 2147483647;
			files = (
				2079DABA18F16D26004C71F8 /* Images.xcassets in Resources */,
				2079DAAC18F16D26004C71F8 /* InfoPlist.strings in Resources */,
				2079DAB518F16D26004C71F8 /* Main.storyboard in Resources */,
			);
			runOnlyForDeploymentPostprocessing = 0;
		};
/* End PBXResourcesBuildPhase section */

/* Begin PBXSourcesBuildPhase section */
		2079DA7118F16D0A004C71F8 /* Sources */ = {
			isa = PBXSourcesBuildPhase;
			buildActionMask = 2147483647;
			files = (
				2079DA8018F16D0A004C71F8 /* HMRIncrementSearchView.m in Sources */,
			);
			runOnlyForDeploymentPostprocessing = 0;
		};
		2079DA9E18F16D26004C71F8 /* Sources */ = {
			isa = PBXSourcesBuildPhase;
			buildActionMask = 2147483647;
			files = (
				2079DAB218F16D26004C71F8 /* HMRAppDelegate.m in Sources */,
				2079DAAE18F16D26004C71F8 /* main.m in Sources */,
				2079DAB818F16D26004C71F8 /* HMRViewController.m in Sources */,
			);
			runOnlyForDeploymentPostprocessing = 0;
		};
/* End PBXSourcesBuildPhase section */

/* Begin PBXVariantGroup section */
		2079DAAA18F16D26004C71F8 /* InfoPlist.strings */ = {
			isa = PBXVariantGroup;
			children = (
				2079DAAB18F16D26004C71F8 /* en */,
			);
			name = InfoPlist.strings;
			sourceTree = "<group>";
		};
		2079DAB318F16D26004C71F8 /* Main.storyboard */ = {
			isa = PBXVariantGroup;
			children = (
				2079DAB418F16D26004C71F8 /* Base */,
			);
			name = Main.storyboard;
			sourceTree = "<group>";
		};
/* End PBXVariantGroup section */

/* Begin XCBuildConfiguration section */
		2079DA9618F16D0A004C71F8 /* Debug */ = {
			isa = XCBuildConfiguration;
			buildSettings = {
				ALWAYS_SEARCH_USER_PATHS = NO;
				CLANG_CXX_LANGUAGE_STANDARD = "gnu++0x";
				CLANG_CXX_LIBRARY = "libc++";
				CLANG_ENABLE_MODULES = YES;
				CLANG_ENABLE_OBJC_ARC = YES;
				CLANG_WARN_BOOL_CONVERSION = YES;
				CLANG_WARN_CONSTANT_CONVERSION = YES;
				CLANG_WARN_DIRECT_OBJC_ISA_USAGE = YES_ERROR;
				CLANG_WARN_EMPTY_BODY = YES;
				CLANG_WARN_ENUM_CONVERSION = YES;
				CLANG_WARN_INT_CONVERSION = YES;
				CLANG_WARN_OBJC_ROOT_CLASS = YES_ERROR;
				CLANG_WARN__DUPLICATE_METHOD_MATCH = YES;
				COPY_PHASE_STRIP = NO;
				GCC_C_LANGUAGE_STANDARD = gnu99;
				GCC_DYNAMIC_NO_PIC = NO;
				GCC_OPTIMIZATION_LEVEL = 0;
				GCC_PREPROCESSOR_DEFINITIONS = (
					"DEBUG=1",
					"$(inherited)",
				);
				GCC_SYMBOLS_PRIVATE_EXTERN = NO;
				GCC_WARN_64_TO_32_BIT_CONVERSION = YES;
				GCC_WARN_ABOUT_RETURN_TYPE = YES_ERROR;
				GCC_WARN_UNDECLARED_SELECTOR = YES;
				GCC_WARN_UNINITIALIZED_AUTOS = YES_AGGRESSIVE;
				GCC_WARN_UNUSED_FUNCTION = YES;
				GCC_WARN_UNUSED_VARIABLE = YES;
				IPHONEOS_DEPLOYMENT_TARGET = 7.1;
				ONLY_ACTIVE_ARCH = YES;
				SDKROOT = iphoneos;
			};
			name = Debug;
		};
		2079DA9718F16D0A004C71F8 /* Release */ = {
			isa = XCBuildConfiguration;
			buildSettings = {
				ALWAYS_SEARCH_USER_PATHS = NO;
				CLANG_CXX_LANGUAGE_STANDARD = "gnu++0x";
				CLANG_CXX_LIBRARY = "libc++";
				CLANG_ENABLE_MODULES = YES;
				CLANG_ENABLE_OBJC_ARC = YES;
				CLANG_WARN_BOOL_CONVERSION = YES;
				CLANG_WARN_CONSTANT_CONVERSION = YES;
				CLANG_WARN_DIRECT_OBJC_ISA_USAGE = YES_ERROR;
				CLANG_WARN_EMPTY_BODY = YES;
				CLANG_WARN_ENUM_CONVERSION = YES;
				CLANG_WARN_INT_CONVERSION = YES;
				CLANG_WARN_OBJC_ROOT_CLASS = YES_ERROR;
				CLANG_WARN__DUPLICATE_METHOD_MATCH = YES;
				COPY_PHASE_STRIP = YES;
				ENABLE_NS_ASSERTIONS = NO;
				GCC_C_LANGUAGE_STANDARD = gnu99;
				GCC_WARN_64_TO_32_BIT_CONVERSION = YES;
				GCC_WARN_ABOUT_RETURN_TYPE = YES_ERROR;
				GCC_WARN_UNDECLARED_SELECTOR = YES;
				GCC_WARN_UNINITIALIZED_AUTOS = YES_AGGRESSIVE;
				GCC_WARN_UNUSED_FUNCTION = YES;
				GCC_WARN_UNUSED_VARIABLE = YES;
				IPHONEOS_DEPLOYMENT_TARGET = 7.1;
				SDKROOT = iphoneos;
				VALIDATE_PRODUCT = YES;
			};
			name = Release;
		};
		2079DA9918F16D0A004C71F8 /* Debug */ = {
			isa = XCBuildConfiguration;
			buildSettings = {
				DSTROOT = /tmp/HMRIncrementSearchView.dst;
				GCC_PRECOMPILE_PREFIX_HEADER = YES;
				GCC_PREFIX_HEADER = "HMRIncrementSearchView/HMRIncrementSearchView-Prefix.pch";
				OTHER_LDFLAGS = "-ObjC";
				PRODUCT_NAME = "$(TARGET_NAME)";
				SKIP_INSTALL = YES;
			};
			name = Debug;
		};
		2079DA9A18F16D0A004C71F8 /* Release */ = {
			isa = XCBuildConfiguration;
			buildSettings = {
				DSTROOT = /tmp/HMRIncrementSearchView.dst;
				GCC_PRECOMPILE_PREFIX_HEADER = YES;
				GCC_PREFIX_HEADER = "HMRIncrementSearchView/HMRIncrementSearchView-Prefix.pch";
				OTHER_LDFLAGS = "-ObjC";
				PRODUCT_NAME = "$(TARGET_NAME)";
				SKIP_INSTALL = YES;
			};
			name = Release;
		};
		2079DACE18F16D27004C71F8 /* Debug */ = {
			isa = XCBuildConfiguration;
			buildSettings = {
				ASSETCATALOG_COMPILER_APPICON_NAME = AppIcon;
				ASSETCATALOG_COMPILER_LAUNCHIMAGE_NAME = LaunchImage;
				"CODE_SIGN_IDENTITY[sdk=iphoneos*]" = "iPhone Developer";
				FRAMEWORK_SEARCH_PATHS = (
					"$(inherited)",
					"$(DEVELOPER_FRAMEWORKS_DIR)",
				);
				GCC_PRECOMPILE_PREFIX_HEADER = YES;
				GCC_PREFIX_HEADER = "IncrementSearchViewDemo/IncrementSearchViewDemo-Prefix.pch";
				GCC_PREPROCESSOR_DEFINITIONS = (
					"DEBUG=1",
					"$(inherited)",
				);
				INFOPLIST_FILE = "IncrementSearchViewDemo/IncrementSearchViewDemo-Info.plist";
				PRODUCT_NAME = "$(TARGET_NAME)";
				WRAPPER_EXTENSION = app;
			};
			name = Debug;
		};
		2079DACF18F16D27004C71F8 /* Release */ = {
			isa = XCBuildConfiguration;
			buildSettings = {
				ASSETCATALOG_COMPILER_APPICON_NAME = AppIcon;
				ASSETCATALOG_COMPILER_LAUNCHIMAGE_NAME = LaunchImage;
				"CODE_SIGN_IDENTITY[sdk=iphoneos*]" = "iPhone Developer";
				FRAMEWORK_SEARCH_PATHS = (
					"$(inherited)",
					"$(DEVELOPER_FRAMEWORKS_DIR)",
				);
				GCC_PRECOMPILE_PREFIX_HEADER = YES;
				GCC_PREFIX_HEADER = "IncrementSearchViewDemo/IncrementSearchViewDemo-Prefix.pch";
				INFOPLIST_FILE = "IncrementSearchViewDemo/IncrementSearchViewDemo-Info.plist";
				PRODUCT_NAME = "$(TARGET_NAME)";
				WRAPPER_EXTENSION = app;
			};
			name = Release;
		};
/* End XCBuildConfiguration section */

/* Begin XCConfigurationList section */
		2079DA7018F16D0A004C71F8 /* Build configuration list for PBXProject "HMRIncrementSearchView" */ = {
			isa = XCConfigurationList;
			buildConfigurations = (
				2079DA9618F16D0A004C71F8 /* Debug */,
				2079DA9718F16D0A004C71F8 /* Release */,
			);
			defaultConfigurationIsVisible = 0;
			defaultConfigurationName = Release;
		};
		2079DA9818F16D0A004C71F8 /* Build configuration list for PBXNativeTarget "HMRIncrementSearchView" */ = {
			isa = XCConfigurationList;
			buildConfigurations = (
				2079DA9918F16D0A004C71F8 /* Debug */,
				2079DA9A18F16D0A004C71F8 /* Release */,
			);
			defaultConfigurationIsVisible = 0;
		};
		2079DACD18F16D27004C71F8 /* Build configuration list for PBXNativeTarget "IncrementSearchViewDemo" */ = {
			isa = XCConfigurationList;
			buildConfigurations = (
				2079DACE18F16D27004C71F8 /* Debug */,
				2079DACF18F16D27004C71F8 /* Release */,
			);
			defaultConfigurationIsVisible = 0;
		};
/* End XCConfigurationList section */
	};
	rootObject = 2079DA6D18F16D0A004C71F8 /* Project object */;
}
